
Microsoft Visual Studio Solution File, Format Version 12.00
# Visual Studio Version 16
VisualStudioVersion = 16.0.29926.136
MinimumVisualStudioVersion = 10.0.40219.1
Project("{FAE04EC0-301F-11D3-BF4B-00C04F79EFBC}") = "LABA2.5.2", "LABA2.5.2.csproj", "{7436907B-270F-4A2D-A6CB-541902A49801}"
EndProject
Global
	GlobalSection(SolutionConfigurationPlatforms) = preSolution
		Debug|Any CPU = Debug|Any CPU
		Release|Any CPU = Release|Any CPU
	EndGlobalSection
	GlobalSection(ProjectConfigurationPlatforms) = postSolution
		{7436907B-270F-4A2D-A6CB-541902A49801}.Debug|Any CPU.ActiveCfg = Debug|Any CPU
		{7436907B-270F-4A2D-A6CB-541902A49801}.Debug|Any CPU.Build.0 = Debug|Any CPU
		{7436907B-270F-4A2D-A6CB-541902A49801}.Release|Any CPU.ActiveCfg = Release|Any CPU
		{7436907B-270F-4A2D-A6CB-541902A49801}.Release|Any CPU.Build.0 = Release|Any CPU
	EndGlobalSection
	GlobalSection(SolutionProperties) = preSolution
		HideSolutionNode = FALSE
	EndGlobalSection
	GlobalSection(ExtensibilityGlobals) = postSolution
		SolutionGuid = {CAA46B84-E5EA-4BBA-ABF2-3C9641DFDB5B}
	EndGlobalSection
EndGlobal
